{
    "_meta": {
        "hash": {
            "sha256": "d852c019eb4a7652f76a8fe4ee1b3bd932dec9984bbd2cb1b7d38f3c5223e815"
        },
        "pipfile-spec": 6,
        "requires": {
            "python_version": "3.7"
        },
        "sources": [
            {
                "name": "pypi",
                "url": "https://pypi.org/simple",
                "verify_ssl": true
            }
        ]
    },
    "default": {
        "berserk": {
            "hashes": [
                "sha256:0330f0b4b77b82f4d984270204b6a86f8c7f2adcaf4297e994fb1ccb7967db54",
                "sha256:25123f03135ca703ef9ca21a6975f08b754e5f70a6aa92381ab3291e3be24984"
            ],
            "index": "pypi",
            "version": "==0.2.1"
        },
        "certifi": {
            "hashes": [
                "sha256:e4f3620cfea4f83eedc95b24abd9cd56f3c4b146dd0177e83a21b4eb49e21e50",
                "sha256:fd7c7c74727ddcf00e9acd26bba8da604ffec95bf1c2144e67aff7a8b50e6cef"
            ],
            "version": "==2019.9.11"
        },
        "chardet": {
            "hashes": [
                "sha256:84ab92ed1c4d4f16916e05906b6b75a6c0fb5db821cc65e70cbd64a3e2a5eaae",
                "sha256:fc323ffcaeaed0e0a02bf4d117757b98aed530d9ed4531e3e15460124c106691"
            ],
            "version": "==3.0.4"
        },
        "idna": {
            "hashes": [
                "sha256:c357b3f628cf53ae2c4c05627ecc484553142ca23264e593d327bcde5e9c3407",
                "sha256:ea8b7f6188e6fa117537c3df7da9fc686d485087abf6ac197f9c46432f7e4a3c"
            ],
            "version": "==2.8"
        },
        "ndjson": {
            "hashes": [
                "sha256:7ff89cbdfcb29fc7b401b8b5a7d16129ccb081dbfad3a90ed4ee3f3a60eef32f",
                "sha256:85c75f30b2c99e0035b293188e438a0390d4fe1857dcc3ca6934805a63aa6a45"
            ],
            "version": "==0.1.0"
        },
        "python-chess": {
            "hashes": [
                "sha256:7c47f9e1cce2cfdf2b9d5fac4ce4c09b3db976f191bd60d22842d994698a5f30"
            ],
            "index": "pypi",
            "version": "==0.24.1"
        },
        "requests": {
            "hashes": [
                "sha256:11e007a8a2aa0323f5a921e9e6a2d7e4e67d9877e85773fba9ba6419025cbeb4",
                "sha256:9cf5292fcd0f598c671cfc1e0d7d1a7f13bb8085e9a590f48c010551dc6c4b31"
            ],
            "version": "==2.22.0"
        },
        "urllib3": {
            "hashes": [
                "sha256:4c291ca23bbb55c76518905869ef34bdd5f0e46af7afe6861e8375643ffee1a0",
                "sha256:9a247273df709c4fedb38c711e44292304f73f39ab01beda9f6b9fc375669ac3"
            ],
            "index": "pypi",
            "version": "==1.24.2"
        }
    },
    "develop": {}
}
