{
    "_meta": {
        "hash": {
            "sha256": "d852c019eb4a7652f76a8fe4ee1b3bd932dec9984bbd2cb1b7d38f3c5223e815"
        },
        "pipfile-spec": 6,
        "requires": {
            "python_version": "3.7"
        },
        "sources": [
            {
                "name": "pypi",
                "url": "https://pypi.org/simple",
                "verify_ssl": true
            }
        ]
    },
    "default": {
        "berserk": {
            "hashes": [
                "sha256:0330f0b4b77b82f4d984270204b6a86f8c7f2adcaf4297e994fb1ccb7967db54",
                "sha256:25123f03135ca703ef9ca21a6975f08b754e5f70a6aa92381ab3291e3be24984"
            ],
            "index": "pypi",
            "version": "==0.2.1"
        },
        "certifi": {
            "hashes": [
                "sha256:2bbf76fd432960138b3ef6dda3dde0544f27cbf8546c458e60baf371917ba9ee",
                "sha256:50b1e4f8446b06f41be7dd6338db18e0990601dce795c2b1686458aa7e8fa7d8"
            ],
            "version": "==2021.5.30"
        },
        "chardet": {
            "hashes": [
                "sha256:0d6f53a15db4120f2b08c94f11e7d93d2c911ee118b6b30a04ec3ee8310179fa",
                "sha256:f864054d66fd9118f2e67044ac8981a54775ec5b67aed0441892edb553d21da5"
            ],
            "version": "==4.0.0"
        },
        "idna": {
            "hashes": [
                "sha256:b307872f855b18632ce0c21c5e45be78c0ea7ae4c15c828c20788b26921eb3f6",
                "sha256:b97d804b1e9b523befed77c48dacec60e6dcb0b5391d57af6a65a312a90648c0"
            ],
            "version": "==2.10"
        },
        "ndjson": {
            "hashes": [
                "sha256:7ff89cbdfcb29fc7b401b8b5a7d16129ccb081dbfad3a90ed4ee3f3a60eef32f",
                "sha256:85c75f30b2c99e0035b293188e438a0390d4fe1857dcc3ca6934805a63aa6a45"
            ],
            "version": "==0.1.0"
        },
        "python-chess": {
            "hashes": [
                "sha256:7c47f9e1cce2cfdf2b9d5fac4ce4c09b3db976f191bd60d22842d994698a5f30"
            ],
            "index": "pypi",
            "version": "==0.24.1"
        },
        "requests": {
            "hashes": [
                "sha256:27973dd4a904a4f13b263a19c866c13b92a39ed1c964655f025f3f8d3d75b804",
                "sha256:c210084e36a42ae6b9219e00e48287def368a26d03a048ddad7bfee44f75871e"
            ],
            "version": "==2.25.1"
        },
        "urllib3": {
            "hashes": [
                "sha256:753a0374df26658f99d826cfe40394a686d05985786d946fbe4165b5148f5a7c",
                "sha256:a7acd0977125325f516bda9735fa7142b909a8d01e8b2e4c8108d0984e6e0098"
            ],
            "index": "pypi",
            "version": "==1.26.5"
        }
    },
    "develop": {}
}
